
Microsoft Visual Studio Solution File, Format Version 12.00
# Visual Studio Version 17
VisualStudioVersion = 17.0.31903.59
MinimumVisualStudioVersion = 10.0.40219.1
Project("{9A19103F-16F7-4668-BE54-9A1E7A4F7556}") = "ApiFactura", "ApiFactura\ApiFactura.csproj", "{40827162-AC61-4157-9DF6-F66F2E544D04}"
EndProject
Project("{2150E333-8FDC-42A3-9474-1A3956D46DE8}") = "Solution Items", "Solution Items", "{C20368A6-A4D4-4252-BC57-23E321C44FF0}"
	ProjectSection(SolutionItems) = preProject
		.editorconfig = .editorconfig
	EndProjectSection
EndProject
Global
	GlobalSection(SolutionConfigurationPlatforms) = preSolution
		Debug|Any CPU = Debug|Any CPU
		Release|Any CPU = Release|Any CPU
	EndGlobalSection
	GlobalSection(ProjectConfigurationPlatforms) = postSolution
		{40827162-AC61-4157-9DF6-F66F2E544D04}.Debug|Any CPU.ActiveCfg = Debug|Any CPU
		{40827162-AC61-4157-9DF6-F66F2E544D04}.Debug|Any CPU.Build.0 = Debug|Any CPU
		{40827162-AC61-4157-9DF6-F66F2E544D04}.Release|Any CPU.ActiveCfg = Release|Any CPU
		{40827162-AC61-4157-9DF6-F66F2E544D04}.Release|Any CPU.Build.0 = Release|Any CPU
	EndGlobalSection
	GlobalSection(SolutionProperties) = preSolution
		HideSolutionNode = FALSE
	EndGlobalSection
	GlobalSection(ExtensibilityGlobals) = postSolution
		SolutionGuid = {2A8AF576-B91F-4178-BCF2-D178F4763310}
	EndGlobalSection
EndGlobal
